# THIS IS AN AUTOGENERATED FILE. DO NOT EDIT THIS FILE DIRECTLY.
# yarn lockfile v1


"@hotwired/stimulus@^3.2.1":
  version "3.2.1"
  resolved "https://registry.yarnpkg.com/@hotwired/stimulus/-/stimulus-3.2.1.tgz#e3de23623b0c52c247aba4cd5d530d257008676b"
  integrity sha512-HGlzDcf9vv/EQrMJ5ZG6VWNs8Z/xMN+1o2OhV1gKiSG6CqZt5MCBB1gRg5ILiN3U0jEAxuDTNPRfBcnZBDmupQ==

"@hotwired/turbo@^7.2.5":
  version "7.2.5"
  resolved "https://registry.yarnpkg.com/@hotwired/turbo/-/turbo-7.2.5.tgz#2d9d6bde8a9549c3aea8970445ade16ffd56719a"
  integrity sha512-o5PByC/mWkmTe4pWnKrixhPECJUxIT/NHtxKqjq7n9Fj6JlNza1pgxdTCJVIq+PI0j95U+7mA3N4n4A/QYZtZQ==

"@pixi/accessibility@7.1.3":
  version "7.1.3"
  resolved "https://registry.yarnpkg.com/@pixi/accessibility/-/accessibility-7.1.3.tgz#38922463a2efc90a498586060d874d0a25ffbc2f"
  integrity sha512-pGvlMFqj8v9/9a2kNfKQjPCx97hZCSNuEARQIBNsGUDbrRb6pPzXekGBc1HaF3X8aFFaloU9K49cUo9dF0ec+Q==

"@pixi/app@7.1.3":
  version "7.1.3"
  resolved "https://registry.yarnpkg.com/@pixi/app/-/app-7.1.3.tgz#564f7cc58e92f3c193bf3e96752e23faf02a940b"
  integrity sha512-/UMmvvzAxAnWT7/Zwy6CTJt1bBidB037eD0WcFaQG9on/0ZPf5H38pxFRLnP/Q1Ux1vwYkIV9reEeF7WsAE5CA==

"@pixi/assets@7.1.3":
  version "7.1.3"
  resolved "https://registry.yarnpkg.com/@pixi/assets/-/assets-7.1.3.tgz#b49cd7c4ca9c5bb6af53b83627bc8108ab6f8dfc"
  integrity sha512-R3FwWfdD6a7ey3/Yl9zx5q7DMD6idInndJvN27rLcrkNVwAToOhwLQlsofuI3poOUK8Wdk+XqUO7U6Jq+PeIAw==
  dependencies:
    "@types/css-font-loading-module" "^0.0.7"

"@pixi/compressed-textures@7.1.3":
  version "7.1.3"
  resolved "https://registry.yarnpkg.com/@pixi/compressed-textures/-/compressed-textures-7.1.3.tgz#bbafbb62a4089eec5026f164587f3cc55cbdfbb4"
  integrity sha512-P0FQOtNppt7eC1AiB7JCCVP02+jsIwmHN694/vsudfSlgvfrait3XO3hONswT++/0+lVUBKjGubflTfG7xTbLw==

"@pixi/constants@7.1.3":
  version "7.1.3"
  resolved "https://registry.yarnpkg.com/@pixi/constants/-/constants-7.1.3.tgz#5c0d9b0be5aa36a20d60fd31609404e4bf7a1deb"
  integrity sha512-B8sTLBCfrPadpLDX2A/ppkO14g/gL7tLOH14oM75CpbHF+rWxYznyeH/4NsUh7eGBuqNZ8TcTNaCQqTIGTP31g==

"@pixi/core@7.1.3":
  version "7.1.3"
  resolved "https://registry.yarnpkg.com/@pixi/core/-/core-7.1.3.tgz#de6099ed39ea435124b86f69219e55c7fc3a25d9"
  integrity sha512-eRRWdBJpfwQvsw7u8b+gXrX02P475C3Cz4Uz2roS4EgLP1YtVPEDiqKRRlhACkLPQPcQSOW2hChPaglrmX0N6w==
  dependencies:
    "@pixi/constants" "7.1.3"
    "@pixi/extensions" "7.1.3"
    "@pixi/math" "7.1.3"
    "@pixi/runner" "7.1.3"
    "@pixi/settings" "7.1.3"
    "@pixi/ticker" "7.1.3"
    "@pixi/utils" "7.1.3"
    "@types/offscreencanvas" "^2019.6.4"

"@pixi/display@7.1.3":
  version "7.1.3"
  resolved "https://registry.yarnpkg.com/@pixi/display/-/display-7.1.3.tgz#adf55d1532eed9e46b9536b5b1d0e7ee0cab7004"
  integrity sha512-Ok+9gNu7cfmZPND/Y4BhsGVyKrvvMJ1qTW/Fxpz+vFDwgy2Dq/stM7RzvbWhU0ZhD9EjDjDZr+cYJFw4M9eSPA==

"@pixi/events@7.1.3":
  version "7.1.3"
  resolved "https://registry.yarnpkg.com/@pixi/events/-/events-7.1.3.tgz#ea399cb0335b2795277a5a0faa20db4327b44649"
  integrity sha512-Bvj7yZMZSMALz7es+ozFAiSw+PYhSHd9u0WUiHOXPMGmvM6V0RdVvhw+ohtq3Wifo1j5WXEhVETswxBXav6lyQ==

"@pixi/extensions@7.1.3":
  version "7.1.3"
  resolved "https://registry.yarnpkg.com/@pixi/extensions/-/extensions-7.1.3.tgz#e9a907669b13f88f967908fdde9f2302127553e9"
  integrity sha512-zkc0alKFH98PlDms8jzuXHsoY69qg8eUk2bGrKRSjvR4vN/dcHtKZNa7je1c4ODFTb8cLPnCMytdasl7lvbTsg==

"@pixi/extract@7.1.3":
  version "7.1.3"
  resolved "https://registry.yarnpkg.com/@pixi/extract/-/extract-7.1.3.tgz#da74c01d560bce0e5c6749674d0701820d3ccfc2"
  integrity sha512-jn0rtD8WPPeFT83PkPEzO27DjqDhx6hnyNvhG+DNf5i7Qz1lrVl9KaRpKQ7n8D6j4PG1F3gSftjMU1tMcoZsxQ==

"@pixi/filter-alpha@7.1.3":
  version "7.1.3"
  resolved "https://registry.yarnpkg.com/@pixi/filter-alpha/-/filter-alpha-7.1.3.tgz#8c81e458724db6a62ddbca84269c285cddd9a928"
  integrity sha512-/AJ8foIt/24PSMHLILlMreYDagz0nVtyDLKUShBfImYJ2wr1CjAj8XISDVmqOn3LaJyLRPos+fB/miiERGqWEA==

"@pixi/filter-blur@7.1.3":
  version "7.1.3"
  resolved "https://registry.yarnpkg.com/@pixi/filter-blur/-/filter-blur-7.1.3.tgz#229e5d310ee5e4abfb4bee4652c500101cdf3d1d"
  integrity sha512-sDio+WURx7oG/fQB3Rz0sqrfJ80XNTP7gMnPpe7zkhc3q0/7JUzrxxjWnpijUVjRAQgWBENjBk90mYsPLtp81w==

"@pixi/filter-color-matrix@7.1.3":
  version "7.1.3"
  resolved "https://registry.yarnpkg.com/@pixi/filter-color-matrix/-/filter-color-matrix-7.1.3.tgz#ac58d452f3721d021859237969c728f3244ea592"
  integrity sha512-iLIagNoSyrRSjgOahuFLU227RrmL84vRpLA64JbEfPW6NGWKFRdnVp6zVeGrgRJqd8+xEaYSiQrr36BPOUYMWw==

"@pixi/filter-displacement@7.1.3":
  version "7.1.3"
  resolved "https://registry.yarnpkg.com/@pixi/filter-displacement/-/filter-displacement-7.1.3.tgz#ad2b9f290fc4ca2792d356c9b97dc5ce0a290d35"
  integrity sha512-dFRe1N2JKnV/V0N7467xTv0/ZtSNeRI5xm/j3ntG76LxyyVS0iM3zVMETtCnZ20AgHP0pYo3AiHVu7QGvzpY2g==

"@pixi/filter-fxaa@7.1.3":
  version "7.1.3"
  resolved "https://registry.yarnpkg.com/@pixi/filter-fxaa/-/filter-fxaa-7.1.3.tgz#f4839e6063bc03ea2f2afe8e681b32d583d7d30a"
  integrity sha512-5p0Sx2LoyIQqOcDds08N++z5A4BkFIF/NWutttVP2gPPcc5QbQ6oNpzMYnnKLr5xeAybphslz9EGAX4OHjWyyg==

"@pixi/filter-noise@7.1.3":
  version "7.1.3"
  resolved "https://registry.yarnpkg.com/@pixi/filter-noise/-/filter-noise-7.1.3.tgz#b37a6788cdf2256d36b930dc8297fcedc222a870"
  integrity sha512-FPIAV8XIUq0PQ4AMNIZnClnTEAl3kWKYRM3ZVdU+pgjxKdhQ2qBj+yKoUHFnGxvmi+i/CafS1umKPb6ZqLK9sg==

"@pixi/graphics@7.1.3":
  version "7.1.3"
  resolved "https://registry.yarnpkg.com/@pixi/graphics/-/graphics-7.1.3.tgz#8866608e9bed42247ffac652d3b08330446f2808"
  integrity sha512-adbcEGjZ4muKmLwyJaL78Z2e8/6zIksk9hCIzRcMllc5ANFVq6JJf42g/9OkSKykQC0a5H4KdqB/T2vpxrEmKA==

"@pixi/math@7.1.3":
  version "7.1.3"
  resolved "https://registry.yarnpkg.com/@pixi/math/-/math-7.1.3.tgz#c781db108e1d45407c737553e4b01c94b06887e6"
  integrity sha512-JOJQVs5NXMwjgKZF2O8Ih2D1ws4Eb7n/lkGRpWs2UTycJ9l3rtbReeWtsoJ8lJN49AYG+Ve1PPzK5iXKpdmLFg==

"@pixi/mesh-extras@7.1.3":
  version "7.1.3"
  resolved "https://registry.yarnpkg.com/@pixi/mesh-extras/-/mesh-extras-7.1.3.tgz#053ec99d751a272bb2969782b4619914f57d8493"
  integrity sha512-4Btq8j7kdH1ZVJI2H+ehgT0ktvLjf2BCaG2snanuXuH5iTc909jVNNdmnnvyL+VCuwtvuSpY83wp1DtgMvxOQA==

"@pixi/mesh@7.1.3":
  version "7.1.3"
  resolved "https://registry.yarnpkg.com/@pixi/mesh/-/mesh-7.1.3.tgz#dbec4a6265f06254fb15bbb2c51fb12a4416e684"
  integrity sha512-lBjmHOnA3C5Kb04MKB4bV40U+p5DmWBqFbitgZ6y0wi9wtNE0yZdH//yJ1brQNtg5DCnMyGM57QUtPHINdVSng==

"@pixi/mixin-cache-as-bitmap@7.1.3":
  version "7.1.3"
  resolved "https://registry.yarnpkg.com/@pixi/mixin-cache-as-bitmap/-/mixin-cache-as-bitmap-7.1.3.tgz#4908821b33aca07dab504913aaaa8e6db0de7839"
  integrity sha512-LIlQJBQdUZ+jof1eH3a5YjoSv19jc/QUPp+kBfqRH1Z5BHazUGTCiesNntnoaNyzK2EA8BN+KAkYZcYgUUh5dQ==

"@pixi/mixin-get-child-by-name@7.1.3":
  version "7.1.3"
  resolved "https://registry.yarnpkg.com/@pixi/mixin-get-child-by-name/-/mixin-get-child-by-name-7.1.3.tgz#82deec0795cf9357f117200b3020e909a5c0c51c"
  integrity sha512-ytV205EnVx0TdfgpNu7YxuSjMTOjtCdd9xVIiVIGEdu/h8KtIaJtIFxRG9uReC/yL+GUhs/xedZAuZgvnh+b+w==

"@pixi/mixin-get-global-position@7.1.3":
  version "7.1.3"
  resolved "https://registry.yarnpkg.com/@pixi/mixin-get-global-position/-/mixin-get-global-position-7.1.3.tgz#bc9c8bfa1b20e2e13bc9ce37b9a676904274c629"
  integrity sha512-sQ0LPBbE23RGZ3tt8CVYqi3/pDacNXC7C3q++m7SvcdaYdcvnxdLeL/ChEUIg5LjCVeFg5QhOroLiC11PKcuog==

"@pixi/particle-container@7.1.3":
  version "7.1.3"
  resolved "https://registry.yarnpkg.com/@pixi/particle-container/-/particle-container-7.1.3.tgz#4ee7e360e179cd39d1ddc745f54a3adb4a395098"
  integrity sha512-eoGA8Gr7x70Jh+Tj4lnuuzAFYiEPuytBmmBDrkCt60+yx/NBXM2dVSkaXjnywJYGVVE4jeRZKfmeEm0Su/b+xw==

"@pixi/prepare@7.1.3":
  version "7.1.3"
  resolved "https://registry.yarnpkg.com/@pixi/prepare/-/prepare-7.1.3.tgz#75661e18b786c765b12145a4ea87e790667b92d6"
  integrity sha512-hm2vzLdlB/516dreClASjL2KT64LZKXdDzhfBuQplg1mOaGY5fguiIE65gQ5HWzPv/SuyIu8fDBaYcnya2NbbA==

"@pixi/runner@7.1.3":
  version "7.1.3"
  resolved "https://registry.yarnpkg.com/@pixi/runner/-/runner-7.1.3.tgz#d0fd404e656ed486e016335a94762016aeaf1a6f"
  integrity sha512-J8Y/0SqtTV2XHgqyoTxEMjz2RKUIULb5Nwf1ARqZHO8mL/tT5jAKp98zv4B6u8YJ3d00makdpOIptbkUan4VXw==

"@pixi/settings@7.1.3":
  version "7.1.3"
  resolved "https://registry.yarnpkg.com/@pixi/settings/-/settings-7.1.3.tgz#9909bd98c3dbd2aa4d76f036ce9152453b085ba9"
  integrity sha512-tRdqIA9CCHD5Xq0vbIfTosZMDKty+hOrgeavF60SD8CCYFgZ7GmqxpqDlDzsWz7exGgevmg5kmJ+Vgfu7B6SHg==
  dependencies:
    "@pixi/constants" "7.1.3"
    "@types/css-font-loading-module" "^0.0.7"

"@pixi/sprite-animated@7.1.3":
  version "7.1.3"
  resolved "https://registry.yarnpkg.com/@pixi/sprite-animated/-/sprite-animated-7.1.3.tgz#ec0be1c50a6cf4b41ce57a21edd4bd5ea4971dbe"
  integrity sha512-2laU3dSWto1tWnkvHH9AdQI6UzPip2qde8JZGPPn16S3z0c7Elk83YdESDTmaSVcUZHU5K7okOxFllr6pn0pXQ==

"@pixi/sprite-tiling@7.1.3":
  version "7.1.3"
  resolved "https://registry.yarnpkg.com/@pixi/sprite-tiling/-/sprite-tiling-7.1.3.tgz#85af1e7cbd4c07b66bad9e52915d0156167fd84f"
  integrity sha512-FaFeSTiLsy3qK9OapmENF6aIuAw7+YkmGmq/soy8AdLZx0IbtRAAjzmcOZBamMjdcR8S8iOsYMVQH5zD5fYZOA==

"@pixi/sprite@7.1.3":
  version "7.1.3"
  resolved "https://registry.yarnpkg.com/@pixi/sprite/-/sprite-7.1.3.tgz#6c70e0aea93c2972e3a4aff1ae35e8a1d5a09b75"
  integrity sha512-YsRYQCCH47lLPuXaQOjGovHrrrqVLB2n/RKz4+q5BFFJcqQE7JKCekhrfaxe4KKao4kOtSsHtOVfS05o7uWJig==

"@pixi/spritesheet@7.1.3":
  version "7.1.3"
  resolved "https://registry.yarnpkg.com/@pixi/spritesheet/-/spritesheet-7.1.3.tgz#211177797af562f48b3875b48fcead7242fda43e"
  integrity sha512-UrmAV9z+bIGD39DYsJSs+mJClFhKWAd4NSimN4XbwVcOe+qius6M9oj5Ge3KKOB129WVUqkIo1Mq+WdGI5FJ5g==

"@pixi/text-bitmap@7.1.3":
  version "7.1.3"
  resolved "https://registry.yarnpkg.com/@pixi/text-bitmap/-/text-bitmap-7.1.3.tgz#422a761b0c33dba886b456ae1a9b2434cd15ae31"
  integrity sha512-Xv60u1eFRIEPEWKNi/MbuIuVV2/J3R8catPfSqYv8QuZ+vKq3ajdiJy0rWwh14Zmf7tqLgPx4vWoWdkYmfENuQ==

"@pixi/text@7.1.3":
  version "7.1.3"
  resolved "https://registry.yarnpkg.com/@pixi/text/-/text-7.1.3.tgz#c103d94d053904f113db13183ffe18572b93f269"
  integrity sha512-2bxrEdmlDiAyC/iMkfnppAdgwJw+hIo2Akkz78bLc1zkiwAVY2UeRbNV7bzV1TELEyNsOV8M3Pj1i7xObYsy9Q==

"@pixi/ticker@7.1.3":
  version "7.1.3"
  resolved "https://registry.yarnpkg.com/@pixi/ticker/-/ticker-7.1.3.tgz#a52549cfafa8eb78ce80e8226cfaadb90d29cc3e"
  integrity sha512-0qSEaGztHqI9HnpuTkNQqTM3fBUO57/Yg0ceOE0bxAPevuuD1y0W/4J92QhyQjULydt8KmMqmHJDSvU+s5XRyw==
  dependencies:
    "@pixi/extensions" "7.1.3"
    "@pixi/settings" "7.1.3"
    "@pixi/utils" "7.1.3"

"@pixi/utils@7.1.3":
  version "7.1.3"
  resolved "https://registry.yarnpkg.com/@pixi/utils/-/utils-7.1.3.tgz#3906367b2e0dd0363e2711a77afafd97f3028548"
  integrity sha512-Nu6ubvXnvy9yUScVjsL20d1GtYMeg9bkzsNUdT1o0FP9DqvmQFgnv2agAv3Bji3vtZ318WTgCOc12bqg+YRCMg==
  dependencies:
    "@pixi/constants" "7.1.3"
    "@pixi/settings" "7.1.3"
    "@types/earcut" "^2.1.0"
    earcut "^2.2.4"
    eventemitter3 "^4.0.0"
    url "^0.11.0"

"@types/css-font-loading-module@^0.0.7":
  version "0.0.7"
  resolved "https://registry.yarnpkg.com/@types/css-font-loading-module/-/css-font-loading-module-0.0.7.tgz#2f98ede46acc0975de85c0b7b0ebe06041d24601"
  integrity sha512-nl09VhutdjINdWyXxHWN/w9zlNCfr60JUqJbd24YXUuCwgeL0TpFSdElCwb6cxfB6ybE19Gjj4g0jsgkXxKv1Q==

"@types/earcut@^2.1.0":
  version "2.1.1"
  resolved "https://registry.yarnpkg.com/@types/earcut/-/earcut-2.1.1.tgz#573a0af609f17005c751f6f4ffec49cfe358ea51"
  integrity sha512-w8oigUCDjElRHRRrMvn/spybSMyX8MTkKA5Dv+tS1IE/TgmNZPqUYtvYBXGY8cieSE66gm+szeK+bnbxC2xHTQ==

"@types/offscreencanvas@^2019.6.4":
  version "2019.7.0"
  resolved "https://registry.yarnpkg.com/@types/offscreencanvas/-/offscreencanvas-2019.7.0.tgz#e4a932069db47bb3eabeb0b305502d01586fa90d"
  integrity sha512-PGcyveRIpL1XIqK8eBsmRBt76eFgtzuPiSTyKHZxnGemp2yzGzWpjYKAfK3wIMiU7eH+851yEpiuP8JZerTmWg==

earcut@^2.2.4:
  version "2.2.4"
  resolved "https://registry.yarnpkg.com/earcut/-/earcut-2.2.4.tgz#6d02fd4d68160c114825d06890a92ecaae60343a"
  integrity sha512-/pjZsA1b4RPHbeWZQn66SWS8nZZWLQQ23oE3Eam7aroEFGEvwKAsJfZ9ytiEMycfzXWpca4FA9QIOehf7PocBQ==

eventemitter3@^4.0.0:
  version "4.0.7"
  resolved "https://registry.yarnpkg.com/eventemitter3/-/eventemitter3-4.0.7.tgz#2de9b68f6528d5644ef5c59526a1b4a07306169f"
  integrity sha512-8guHBZCwKnFhYdHr2ysuRWErTwhoN2X8XELRlrRwpmfeY2jjuUN4taQMsULKUVo1K4DvZl+0pgfyoysHxvmvEw==

monaco-editor@^0.36.1:
  version "0.36.1"
  resolved "https://registry.yarnpkg.com/monaco-editor/-/monaco-editor-0.36.1.tgz#aad528c815605307473a1634612946921d8079b5"
  integrity sha512-/CaclMHKQ3A6rnzBzOADfwdSJ25BFoFT0Emxsc4zYVyav5SkK9iA6lEtIeuN/oRYbwPgviJT+t3l+sjFa28jYg==

nes.css@^2.3.0:
  version "2.3.0"
  resolved "https://registry.yarnpkg.com/nes.css/-/nes.css-2.3.0.tgz#112c834dd8a18cda570ab76d66b26b078a94c919"
  integrity sha512-lCFZs9vj3f5RVdbvTL/kSxiYsOARwSeAdJaMNo+bCgmWOO9x8ay7QpT4yQVKHy3r5Dttzd0uqVdpt3fvvx6EpQ==

pixi.js@^7.1.3:
  version "7.1.3"
  resolved "https://registry.yarnpkg.com/pixi.js/-/pixi.js-7.1.3.tgz#71497af83868de6ecf1ea39a9673dc8ef65cb968"
  integrity sha512-na8qpTAJP87GLLIw9Ro+ztcDOf6L0dzM5ClmbFmtbyXi/u8Pm8pPuZCZyzF0X3Se3FJwTN2Bn1kBssKClh1YVQ==
  dependencies:
    "@pixi/accessibility" "7.1.3"
    "@pixi/app" "7.1.3"
    "@pixi/assets" "7.1.3"
    "@pixi/compressed-textures" "7.1.3"
    "@pixi/core" "7.1.3"
    "@pixi/display" "7.1.3"
    "@pixi/events" "7.1.3"
    "@pixi/extensions" "7.1.3"
    "@pixi/extract" "7.1.3"
    "@pixi/filter-alpha" "7.1.3"
    "@pixi/filter-blur" "7.1.3"
    "@pixi/filter-color-matrix" "7.1.3"
    "@pixi/filter-displacement" "7.1.3"
    "@pixi/filter-fxaa" "7.1.3"
    "@pixi/filter-noise" "7.1.3"
    "@pixi/graphics" "7.1.3"
    "@pixi/mesh" "7.1.3"
    "@pixi/mesh-extras" "7.1.3"
    "@pixi/mixin-cache-as-bitmap" "7.1.3"
    "@pixi/mixin-get-child-by-name" "7.1.3"
    "@pixi/mixin-get-global-position" "7.1.3"
    "@pixi/particle-container" "7.1.3"
    "@pixi/prepare" "7.1.3"
    "@pixi/sprite" "7.1.3"
    "@pixi/sprite-animated" "7.1.3"
    "@pixi/sprite-tiling" "7.1.3"
    "@pixi/spritesheet" "7.1.3"
    "@pixi/text" "7.1.3"
    "@pixi/text-bitmap" "7.1.3"

punycode@1.3.2:
  version "1.3.2"
  resolved "https://registry.yarnpkg.com/punycode/-/punycode-1.3.2.tgz#9653a036fb7c1ee42342f2325cceefea3926c48d"
  integrity sha512-RofWgt/7fL5wP1Y7fxE7/EmTLzQVnB0ycyibJ0OOHIlJqTNzglYFxVwETOcIoJqJmpDXJ9xImDv+Fq34F/d4Dw==

querystring@0.2.0:
  version "0.2.0"
  resolved "https://registry.yarnpkg.com/querystring/-/querystring-0.2.0.tgz#b209849203bb25df820da756e747005878521620"
  integrity sha512-X/xY82scca2tau62i9mDyU9K+I+djTMUsvwf7xnUX5GLvVzgJybOJf4Y6o9Zx3oJK/LSXg5tTZBjwzqVPaPO2g==

url@^0.11.0:
  version "0.11.0"
  resolved "https://registry.yarnpkg.com/url/-/url-0.11.0.tgz#3838e97cfc60521eb73c525a8e55bfdd9e2e28f1"
  integrity sha512-kbailJa29QrtXnxgq+DdCEGlbTeYM2eJUxsz6vjZavrCYPMIFHMKQmSKYAIuUK2i7hgPm28a8piX5NTUtM/LKQ==
  dependencies:
    punycode "1.3.2"
    querystring "0.2.0"
